
Microsoft Visual Studio Solution File, Format Version 12.00
# Visual Studio Version 17
VisualStudioVersion = 17.14.36915.13 d17.14
MinimumVisualStudioVersion = 10.0.40219.1
Project("{FAE04EC0-301F-11D3-BF4B-00C04F79EFBC}") = "WebApiCanon", "WebApiCanon.csproj", "{8FA9947D-E108-4114-A57C-9A8B0D71F312}"
EndProject
Global
	GlobalSection(SolutionConfigurationPlatforms) = preSolution
		Debug|Any CPU = Debug|Any CPU
		Release|Any CPU = Release|Any CPU
	EndGlobalSection
	GlobalSection(ProjectConfigurationPlatforms) = postSolution
		{8FA9947D-E108-4114-A57C-9A8B0D71F312}.Debug|Any CPU.ActiveCfg = Debug|Any CPU
		{8FA9947D-E108-4114-A57C-9A8B0D71F312}.Debug|Any CPU.Build.0 = Debug|Any CPU
		{8FA9947D-E108-4114-A57C-9A8B0D71F312}.Release|Any CPU.ActiveCfg = Release|Any CPU
		{8FA9947D-E108-4114-A57C-9A8B0D71F312}.Release|Any CPU.Build.0 = Release|Any CPU
	EndGlobalSection
	GlobalSection(SolutionProperties) = preSolution
		HideSolutionNode = FALSE
	EndGlobalSection
	GlobalSection(ExtensibilityGlobals) = postSolution
		SolutionGuid = {5D12DF7A-ED7C-443D-9A57-36A6C3D28753}
	EndGlobalSection
EndGlobal
